
Microsoft Visual Studio Solution File, Format Version 12.00
# Visual Studio Version 16
VisualStudioVersion = 16.0.31515.178
MinimumVisualStudioVersion = 10.0.40219.1
Project("{FAE04EC0-301F-11D3-BF4B-00C04F79EFBC}") = "UploaderSample", "UploaderSample\UploaderSample.csproj", "{0F32333B-9A5F-4D73-827C-FF27908B497F}"
EndProject
Project("{FAE04EC0-301F-11D3-BF4B-00C04F79EFBC}") = "UploaderSample.BusinessLayer", "UploaderSample.BusinessLayer\UploaderSample.BusinessLayer.csproj", "{232ED784-36D7-431A-A5C7-3D8CBB7DCB68}"
EndProject
Project("{FAE04EC0-301F-11D3-BF4B-00C04F79EFBC}") = "UploaderSample.Client", "UploaderSample.Client\UploaderSample.Client.csproj", "{6781D1E7-B197-4F1D-9998-AA352BBB2588}"
EndProject
Global
	GlobalSection(SolutionConfigurationPlatforms) = preSolution
		Debug|Any CPU = Debug|Any CPU
		Release|Any CPU = Release|Any CPU
	EndGlobalSection
	GlobalSection(ProjectConfigurationPlatforms) = postSolution
		{0F32333B-9A5F-4D73-827C-FF27908B497F}.Debug|Any CPU.ActiveCfg = Debug|Any CPU
		{0F32333B-9A5F-4D73-827C-FF27908B497F}.Debug|Any CPU.Build.0 = Debug|Any CPU
		{0F32333B-9A5F-4D73-827C-FF27908B497F}.Release|Any CPU.ActiveCfg = Release|Any CPU
		{0F32333B-9A5F-4D73-827C-FF27908B497F}.Release|Any CPU.Build.0 = Release|Any CPU
		{232ED784-36D7-431A-A5C7-3D8CBB7DCB68}.Debug|Any CPU.ActiveCfg = Debug|Any CPU
		{232ED784-36D7-431A-A5C7-3D8CBB7DCB68}.Debug|Any CPU.Build.0 = Debug|Any CPU
		{232ED784-36D7-431A-A5C7-3D8CBB7DCB68}.Release|Any CPU.ActiveCfg = Release|Any CPU
		{232ED784-36D7-431A-A5C7-3D8CBB7DCB68}.Release|Any CPU.Build.0 = Release|Any CPU
		{6781D1E7-B197-4F1D-9998-AA352BBB2588}.Debug|Any CPU.ActiveCfg = Debug|Any CPU
		{6781D1E7-B197-4F1D-9998-AA352BBB2588}.Debug|Any CPU.Build.0 = Debug|Any CPU
		{6781D1E7-B197-4F1D-9998-AA352BBB2588}.Release|Any CPU.ActiveCfg = Release|Any CPU
		{6781D1E7-B197-4F1D-9998-AA352BBB2588}.Release|Any CPU.Build.0 = Release|Any CPU
	EndGlobalSection
	GlobalSection(SolutionProperties) = preSolution
		HideSolutionNode = FALSE
	EndGlobalSection
	GlobalSection(ExtensibilityGlobals) = postSolution
		SolutionGuid = {A6378F30-723F-4691-95A8-F4E82EBD6284}
	EndGlobalSection
EndGlobal
