
Microsoft Visual Studio Solution File, Format Version 12.00
# Visual Studio Version 16
VisualStudioVersion = 16.0.31515.178
MinimumVisualStudioVersion = 10.0.40219.1
Project("{9A19103F-16F7-4668-BE54-9A1E7A4F7556}") = "UploaderSample.Client", "UploaderSample.Client\UploaderSample.Client.csproj", "{6781D1E7-B197-4F1D-9998-AA352BBB2588}"
EndProject
Project("{9A19103F-16F7-4668-BE54-9A1E7A4F7556}") = "UploaderSample.Shared", "UploaderSample.Shared\UploaderSample.Shared.csproj", "{51176849-3586-4792-BD02-0C6B58A0E951}"
EndProject
Project("{9A19103F-16F7-4668-BE54-9A1E7A4F7556}") = "UploaderSample.StorageProviders", "UploaderSample.StorageProviders\UploaderSample.StorageProviders.csproj", "{50F3011C-4594-4F0E-8903-0E2A1C9D5189}"
EndProject
Global
	GlobalSection(SolutionConfigurationPlatforms) = preSolution
		Debug|Any CPU = Debug|Any CPU
		Release|Any CPU = Release|Any CPU
	EndGlobalSection
	GlobalSection(ProjectConfigurationPlatforms) = postSolution
		{6781D1E7-B197-4F1D-9998-AA352BBB2588}.Debug|Any CPU.ActiveCfg = Debug|Any CPU
		{6781D1E7-B197-4F1D-9998-AA352BBB2588}.Debug|Any CPU.Build.0 = Debug|Any CPU
		{6781D1E7-B197-4F1D-9998-AA352BBB2588}.Release|Any CPU.ActiveCfg = Release|Any CPU
		{6781D1E7-B197-4F1D-9998-AA352BBB2588}.Release|Any CPU.Build.0 = Release|Any CPU
		{51176849-3586-4792-BD02-0C6B58A0E951}.Debug|Any CPU.ActiveCfg = Debug|Any CPU
		{51176849-3586-4792-BD02-0C6B58A0E951}.Debug|Any CPU.Build.0 = Debug|Any CPU
		{51176849-3586-4792-BD02-0C6B58A0E951}.Release|Any CPU.ActiveCfg = Release|Any CPU
		{51176849-3586-4792-BD02-0C6B58A0E951}.Release|Any CPU.Build.0 = Release|Any CPU
		{50F3011C-4594-4F0E-8903-0E2A1C9D5189}.Debug|Any CPU.ActiveCfg = Debug|Any CPU
		{50F3011C-4594-4F0E-8903-0E2A1C9D5189}.Debug|Any CPU.Build.0 = Debug|Any CPU
		{50F3011C-4594-4F0E-8903-0E2A1C9D5189}.Release|Any CPU.ActiveCfg = Release|Any CPU
		{50F3011C-4594-4F0E-8903-0E2A1C9D5189}.Release|Any CPU.Build.0 = Release|Any CPU
	EndGlobalSection
	GlobalSection(SolutionProperties) = preSolution
		HideSolutionNode = FALSE
	EndGlobalSection
	GlobalSection(ExtensibilityGlobals) = postSolution
		SolutionGuid = {A6378F30-723F-4691-95A8-F4E82EBD6284}
	EndGlobalSection
EndGlobal
